
Microsoft Visual Studio Solution File, Format Version 12.00
# Visual Studio Version 17
VisualStudioVersion = 17.4.33213.308
MinimumVisualStudioVersion = 10.0.40219.1
Project("{FAE04EC0-301F-11D3-BF4B-00C04F79EFBC}") = "FileFolderRenamer", "FileFolderRenamer\FileFolderRenamer.csproj", "{FF5F1F18-B7C6-442E-82CC-07D42000D44E}"
EndProject
Global
	GlobalSection(SolutionConfigurationPlatforms) = preSolution
		Debug|Any CPU = Debug|Any CPU
		Release|Any CPU = Release|Any CPU
	EndGlobalSection
	GlobalSection(ProjectConfigurationPlatforms) = postSolution
		{FF5F1F18-B7C6-442E-82CC-07D42000D44E}.Debug|Any CPU.ActiveCfg = Debug|Any CPU
		{FF5F1F18-B7C6-442E-82CC-07D42000D44E}.Debug|Any CPU.Build.0 = Debug|Any CPU
		{FF5F1F18-B7C6-442E-82CC-07D42000D44E}.Release|Any CPU.ActiveCfg = Release|Any CPU
		{FF5F1F18-B7C6-442E-82CC-07D42000D44E}.Release|Any CPU.Build.0 = Release|Any CPU
	EndGlobalSection
	GlobalSection(SolutionProperties) = preSolution
		HideSolutionNode = FALSE
	EndGlobalSection
	GlobalSection(ExtensibilityGlobals) = postSolution
		SolutionGuid = {2DEBFD3D-2851-4872-92D4-EF7F0CC7CE4E}
	EndGlobalSection
EndGlobal
